// !$*UTF8*$!
{
	archiveVersion = 1;
	classes = {
	};
	objectVersion = 46;
	objects = {

/* Begin PBXBuildFile section */
		248236745C2E43560B082FDD /* Pods_SocialAppTemplate.framework in Frameworks */ = {isa = PBXBuildFile; fileRef = BFDD212803C1B9812E8FBC6A /* Pods_SocialAppTemplate.framework */; };
		4C47370D1CED09400042E8D1 /* AudioToolbox.framework in Frameworks */ = {isa = PBXBuildFile; fileRef = 4C47370C1CED09400042E8D1 /* AudioToolbox.framework */; };
		4C47370F1CED09530042E8D1 /* SystemConfiguration.framework in Frameworks */ = {isa = PBXBuildFile; fileRef = 4C47370E1CED09530042E8D1 /* SystemConfiguration.framework */; };
		4C4737111CED09700042E8D1 /* CoreTelephony.framework in Frameworks */ = {isa = PBXBuildFile; fileRef = 4C4737101CED09700042E8D1 /* CoreTelephony.framework */; };
		4C4737131CED097B0042E8D1 /* libz.tbd in Frameworks */ = {isa = PBXBuildFile; fileRef = 4C4737121CED097B0042E8D1 /* libz.tbd */; };
		4C4737151CED098F0042E8D1 /* libsqlite3.tbd in Frameworks */ = {isa = PBXBuildFile; fileRef = 4C4737141CED098F0042E8D1 /* libsqlite3.tbd */; };
		4C4737171CED09A00042E8D1 /* libstdc++.tbd in Frameworks */ = {isa = PBXBuildFile; fileRef = 4C4737161CED09A00042E8D1 /* libstdc++.tbd */; };
		4C4737211CED0E270042E8D1 /* SIMChat.framework in Frameworks */ = {isa = PBXBuildFile; fileRef = 4C47371E1CED0DCB0042E8D1 /* SIMChat.framework */; };
		4C47372B1CED0F9A0042E8D1 /* photo_picker_icon_phone@2x.png in Resources */ = {isa = PBXBuildFile; fileRef = 4C4737221CED0F9A0042E8D1 /* photo_picker_icon_phone@2x.png */; };
		4C47372C1CED0F9A0042E8D1 /* photo_picker_icon_video@2x.png in Resources */ = {isa = PBXBuildFile; fileRef = 4C4737231CED0F9A0042E8D1 /* photo_picker_icon_video@2x.png */; };
		4C47372D1CED0F9A0042E8D1 /* photo_picker_mark_deselect@2x.png in Resources */ = {isa = PBXBuildFile; fileRef = 4C4737241CED0F9A0042E8D1 /* photo_picker_mark_deselect@2x.png */; };
		4C47372E1CED0F9A0042E8D1 /* photo_picker_mark_deselect_sm@2x.png in Resources */ = {isa = PBXBuildFile; fileRef = 4C4737251CED0F9A0042E8D1 /* photo_picker_mark_deselect_sm@2x.png */; };
		4C47372F1CED0F9A0042E8D1 /* photo_picker_mark_null@2x.png in Resources */ = {isa = PBXBuildFile; fileRef = 4C4737261CED0F9A0042E8D1 /* photo_picker_mark_null@2x.png */; };
		4C4737301CED0F9A0042E8D1 /* photo_picker_mark_null_sm@2x.png in Resources */ = {isa = PBXBuildFile; fileRef = 4C4737271CED0F9A0042E8D1 /* photo_picker_mark_null_sm@2x.png */; };
		4C4737311CED0F9A0042E8D1 /* photo_picker_mark_select@2x.png in Resources */ = {isa = PBXBuildFile; fileRef = 4C4737281CED0F9A0042E8D1 /* photo_picker_mark_select@2x.png */; };
		4C4737321CED0F9A0042E8D1 /* photo_picker_mark_select_sm@2x.png in Resources */ = {isa = PBXBuildFile; fileRef = 4C4737291CED0F9A0042E8D1 /* photo_picker_mark_select_sm@2x.png */; };
		4C4737381CED0FF70042E8D1 /* m1.m4a in Resources */ = {isa = PBXBuildFile; fileRef = 4C4737331CED0FF70042E8D1 /* m1.m4a */; };
		4C4737391CED0FF70042E8D1 /* t1_t.jpg in Resources */ = {isa = PBXBuildFile; fileRef = 4C4737341CED0FF70042E8D1 /* t1_t.jpg */; };
		4C47373A1CED0FF70042E8D1 /* t1.jpg in Resources */ = {isa = PBXBuildFile; fileRef = 4C4737351CED0FF70042E8D1 /* t1.jpg */; };
		4C47373B1CED0FF70042E8D1 /* t2_t.jpg in Resources */ = {isa = PBXBuildFile; fileRef = 4C4737361CED0FF70042E8D1 /* t2_t.jpg */; };
		4C47373C1CED0FF70042E8D1 /* t2.jpg in Resources */ = {isa = PBXBuildFile; fileRef = 4C4737371CED0FF70042E8D1 /* t2.jpg */; };
		4C4737401CED12CA0042E8D1 /* SIMChat.framework in Embed Frameworks */ = {isa = PBXBuildFile; fileRef = 4C47371E1CED0DCB0042E8D1 /* SIMChat.framework */; settings = {ATTRIBUTES = (CodeSignOnCopy, RemoveHeadersOnCopy, ); }; };
		4C7D90381CEE48460096DDE6 /* ChatManager.swift in Sources */ = {isa = PBXBuildFile; fileRef = 4C7D90371CEE48460096DDE6 /* ChatManager.swift */; };
		4C7D903A1CEE48D60096DDE6 /* ChatConversation.swift in Sources */ = {isa = PBXBuildFile; fileRef = 4C7D90391CEE48D60096DDE6 /* ChatConversation.swift */; };
		4C7D903C1CEE49B80096DDE6 /* ChatUser.swift in Sources */ = {isa = PBXBuildFile; fileRef = 4C7D903B1CEE49B80096DDE6 /* ChatUser.swift */; };
		4CA43BCE1CECF4A800C59369 /* AppDelegate.swift in Sources */ = {isa = PBXBuildFile; fileRef = 4CA43BCD1CECF4A800C59369 /* AppDelegate.swift */; };
		4CA43BD31CECF4A800C59369 /* Main.storyboard in Resources */ = {isa = PBXBuildFile; fileRef = 4CA43BD11CECF4A800C59369 /* Main.storyboard */; };
		4CA43BD51CECF4A800C59369 /* Assets.xcassets in Resources */ = {isa = PBXBuildFile; fileRef = 4CA43BD41CECF4A800C59369 /* Assets.xcassets */; };
		4CA43BD81CECF4A800C59369 /* LaunchScreen.storyboard in Resources */ = {isa = PBXBuildFile; fileRef = 4CA43BD61CECF4A800C59369 /* LaunchScreen.storyboard */; };
		4CA43BE01CECF64800C59369 /* RootViewController.swift in Sources */ = {isa = PBXBuildFile; fileRef = 4CA43BDF1CECF64800C59369 /* RootViewController.swift */; };
		4CA43BE31CECF89500C59369 /* ChatViewController.swift in Sources */ = {isa = PBXBuildFile; fileRef = 4CA43BE21CECF89500C59369 /* ChatViewController.swift */; };
		4CA43F211CECFB9D00C59369 /* SIMChat.xcassets in Resources */ = {isa = PBXBuildFile; fileRef = 4CA43F201CECFB9D00C59369 /* SIMChat.xcassets */; };
/* End PBXBuildFile section */

/* Begin PBXContainerItemProxy section */
		4C47371D1CED0DCB0042E8D1 /* PBXContainerItemProxy */ = {
			isa = PBXContainerItemProxy;
			containerPortal = 4C4737181CED0DCB0042E8D1 /* SIMChat.xcodeproj */;
			proxyType = 2;
			remoteGlobalIDString = 0C0DD5A41C60B28E00AEC8C4;
			remoteInfo = SIMChat;
		};
		4C47371F1CED0DCB0042E8D1 /* PBXContainerItemProxy */ = {
			isa = PBXContainerItemProxy;
			containerPortal = 4C4737181CED0DCB0042E8D1 /* SIMChat.xcodeproj */;
			proxyType = 2;
			remoteGlobalIDString = 0C48A8AC1C795C7B00571BF5;
			remoteInfo = SIMChatTests;
		};
		4C47373D1CED11670042E8D1 /* PBXContainerItemProxy */ = {
			isa = PBXContainerItemProxy;
			containerPortal = 4C4737181CED0DCB0042E8D1 /* SIMChat.xcodeproj */;
			proxyType = 1;
			remoteGlobalIDString = 0C0DD5A31C60B28E00AEC8C4;
			remoteInfo = SIMChat;
		};
/* End PBXContainerItemProxy section */

/* Begin PBXCopyFilesBuildPhase section */
		4C47373F1CED127C0042E8D1 /* Embed Frameworks */ = {
			isa = PBXCopyFilesBuildPhase;
			buildActionMask = 2147483647;
			dstPath = "";
			dstSubfolderSpec = 10;
			files = (
				4C4737401CED12CA0042E8D1 /* SIMChat.framework in Embed Frameworks */,
			);
			name = "Embed Frameworks";
			runOnlyForDeploymentPostprocessing = 0;
		};
/* End PBXCopyFilesBuildPhase section */

/* Begin PBXFileReference section */
		4C47370C1CED09400042E8D1 /* AudioToolbox.framework */ = {isa = PBXFileReference; lastKnownFileType = wrapper.framework; name = AudioToolbox.framework; path = System/Library/Frameworks/AudioToolbox.framework; sourceTree = SDKROOT; };
		4C47370E1CED09530042E8D1 /* SystemConfiguration.framework */ = {isa = PBXFileReference; lastKnownFileType = wrapper.framework; name = SystemConfiguration.framework; path = System/Library/Frameworks/SystemConfiguration.framework; sourceTree = SDKROOT; };
		4C4737101CED09700042E8D1 /* CoreTelephony.framework */ = {isa = PBXFileReference; lastKnownFileType = wrapper.framework; name = CoreTelephony.framework; path = System/Library/Frameworks/CoreTelephony.framework; sourceTree = SDKROOT; };
		4C4737121CED097B0042E8D1 /* libz.tbd */ = {isa = PBXFileReference; lastKnownFileType = "sourcecode.text-based-dylib-definition"; name = libz.tbd; path = usr/lib/libz.tbd; sourceTree = SDKROOT; };
		4C4737141CED098F0042E8D1 /* libsqlite3.tbd */ = {isa = PBXFileReference; lastKnownFileType = "sourcecode.text-based-dylib-definition"; name = libsqlite3.tbd; path = usr/lib/libsqlite3.tbd; sourceTree = SDKROOT; };
		4C4737161CED09A00042E8D1 /* libstdc++.tbd */ = {isa = PBXFileReference; lastKnownFileType = "sourcecode.text-based-dylib-definition"; name = "libstdc++.tbd"; path = "usr/lib/libstdc++.tbd"; sourceTree = SDKROOT; };
		4C4737181CED0DCB0042E8D1 /* SIMChat.xcodeproj */ = {isa = PBXFileReference; lastKnownFileType = "wrapper.pb-project"; name = SIMChat.xcodeproj; path = "swift-chat/SIMChat.xcodeproj"; sourceTree = SOURCE_ROOT; };
		4C4737221CED0F9A0042E8D1 /* photo_picker_icon_phone@2x.png */ = {isa = PBXFileReference; lastKnownFileType = image.png; path = "photo_picker_icon_phone@2x.png"; sourceTree = "<group>"; };
		4C4737231CED0F9A0042E8D1 /* photo_picker_icon_video@2x.png */ = {isa = PBXFileReference; lastKnownFileType = image.png; path = "photo_picker_icon_video@2x.png"; sourceTree = "<group>"; };
		4C4737241CED0F9A0042E8D1 /* photo_picker_mark_deselect@2x.png */ = {isa = PBXFileReference; lastKnownFileType = image.png; path = "photo_picker_mark_deselect@2x.png"; sourceTree = "<group>"; };
		4C4737251CED0F9A0042E8D1 /* photo_picker_mark_deselect_sm@2x.png */ = {isa = PBXFileReference; lastKnownFileType = image.png; path = "photo_picker_mark_deselect_sm@2x.png"; sourceTree = "<group>"; };
		4C4737261CED0F9A0042E8D1 /* photo_picker_mark_null@2x.png */ = {isa = PBXFileReference; lastKnownFileType = image.png; path = "photo_picker_mark_null@2x.png"; sourceTree = "<group>"; };
		4C4737271CED0F9A0042E8D1 /* photo_picker_mark_null_sm@2x.png */ = {isa = PBXFileReference; lastKnownFileType = image.png; path = "photo_picker_mark_null_sm@2x.png"; sourceTree = "<group>"; };
		4C4737281CED0F9A0042E8D1 /* photo_picker_mark_select@2x.png */ = {isa = PBXFileReference; lastKnownFileType = image.png; path = "photo_picker_mark_select@2x.png"; sourceTree = "<group>"; };
		4C4737291CED0F9A0042E8D1 /* photo_picker_mark_select_sm@2x.png */ = {isa = PBXFileReference; lastKnownFileType = image.png; path = "photo_picker_mark_select_sm@2x.png"; sourceTree = "<group>"; };
		4C4737331CED0FF70042E8D1 /* m1.m4a */ = {isa = PBXFileReference; lastKnownFileType = file; path = m1.m4a; sourceTree = "<group>"; };
		4C4737341CED0FF70042E8D1 /* t1_t.jpg */ = {isa = PBXFileReference; lastKnownFileType = image.jpeg; path = t1_t.jpg; sourceTree = "<group>"; };
		4C4737351CED0FF70042E8D1 /* t1.jpg */ = {isa = PBXFileReference; lastKnownFileType = image.jpeg; path = t1.jpg; sourceTree = "<group>"; };
		4C4737361CED0FF70042E8D1 /* t2_t.jpg */ = {isa = PBXFileReference; lastKnownFileType = image.jpeg; path = t2_t.jpg; sourceTree = "<group>"; };
		4C4737371CED0FF70042E8D1 /* t2.jpg */ = {isa = PBXFileReference; lastKnownFileType = image.jpeg; path = t2.jpg; sourceTree = "<group>"; };
		4C7D90371CEE48460096DDE6 /* ChatManager.swift */ = {isa = PBXFileReference; fileEncoding = 4; lastKnownFileType = sourcecode.swift; name = ChatManager.swift; path = Chat/ChatManager.swift; sourceTree = "<group>"; };
		4C7D90391CEE48D60096DDE6 /* ChatConversation.swift */ = {isa = PBXFileReference; fileEncoding = 4; lastKnownFileType = sourcecode.swift; name = ChatConversation.swift; path = Chat/ChatConversation.swift; sourceTree = "<group>"; };
		4C7D903B1CEE49B80096DDE6 /* ChatUser.swift */ = {isa = PBXFileReference; fileEncoding = 4; lastKnownFileType = sourcecode.swift; name = ChatUser.swift; path = Chat/ChatUser.swift; sourceTree = "<group>"; };
		4CA43BCA1CECF4A700C59369 /* SocialAppTemplate.app */ = {isa = PBXFileReference; explicitFileType = wrapper.application; includeInIndex = 0; path = SocialAppTemplate.app; sourceTree = BUILT_PRODUCTS_DIR; };
		4CA43BCD1CECF4A800C59369 /* AppDelegate.swift */ = {isa = PBXFileReference; lastKnownFileType = sourcecode.swift; path = AppDelegate.swift; sourceTree = "<group>"; };
		4CA43BD21CECF4A800C59369 /* Base */ = {isa = PBXFileReference; lastKnownFileType = file.storyboard; name = Base; path = Base.lproj/Main.storyboard; sourceTree = "<group>"; };
		4CA43BD41CECF4A800C59369 /* Assets.xcassets */ = {isa = PBXFileReference; lastKnownFileType = folder.assetcatalog; path = Assets.xcassets; sourceTree = "<group>"; };
		4CA43BD71CECF4A800C59369 /* Base */ = {isa = PBXFileReference; lastKnownFileType = file.storyboard; name = Base; path = Base.lproj/LaunchScreen.storyboard; sourceTree = "<group>"; };
		4CA43BD91CECF4A800C59369 /* Info.plist */ = {isa = PBXFileReference; lastKnownFileType = text.plist.xml; path = Info.plist; sourceTree = "<group>"; };
		4CA43BDF1CECF64800C59369 /* RootViewController.swift */ = {isa = PBXFileReference; fileEncoding = 4; lastKnownFileType = sourcecode.swift; path = RootViewController.swift; sourceTree = "<group>"; };
		4CA43BE21CECF89500C59369 /* ChatViewController.swift */ = {isa = PBXFileReference; fileEncoding = 4; lastKnownFileType = sourcecode.swift; name = ChatViewController.swift; path = Chat/ChatViewController.swift; sourceTree = "<group>"; };
		4CA43F201CECFB9D00C59369 /* SIMChat.xcassets */ = {isa = PBXFileReference; lastKnownFileType = folder.assetcatalog; path = SIMChat.xcassets; sourceTree = "<group>"; };
		67300B7FC86BA979317C8A3D /* Pods-SocialAppTemplate.release.xcconfig */ = {isa = PBXFileReference; includeInIndex = 1; lastKnownFileType = text.xcconfig; name = "Pods-SocialAppTemplate.release.xcconfig"; path = "Pods/Target Support Files/Pods-SocialAppTemplate/Pods-SocialAppTemplate.release.xcconfig"; sourceTree = "<group>"; };
		AF715EFFCD6C4FDDB4FA8759 /* Pods-SocialAppTemplate.debug.xcconfig */ = {isa = PBXFileReference; includeInIndex = 1; lastKnownFileType = text.xcconfig; name = "Pods-SocialAppTemplate.debug.xcconfig"; path = "Pods/Target Support Files/Pods-SocialAppTemplate/Pods-SocialAppTemplate.debug.xcconfig"; sourceTree = "<group>"; };
		BFDD212803C1B9812E8FBC6A /* Pods_SocialAppTemplate.framework */ = {isa = PBXFileReference; explicitFileType = wrapper.framework; includeInIndex = 0; path = Pods_SocialAppTemplate.framework; sourceTree = BUILT_PRODUCTS_DIR; };
/* End PBXFileReference section */

/* Begin PBXFrameworksBuildPhase section */
		4CA43BC71CECF4A700C59369 /* Frameworks */ = {
			isa = PBXFrameworksBuildPhase;
			buildActionMask = 2147483647;
			files = (
				4C4737211CED0E270042E8D1 /* SIMChat.framework in Frameworks */,
				4C4737171CED09A00042E8D1 /* libstdc++.tbd in Frameworks */,
				4C4737151CED098F0042E8D1 /* libsqlite3.tbd in Frameworks */,
				4C4737131CED097B0042E8D1 /* libz.tbd in Frameworks */,
				4C4737111CED09700042E8D1 /* CoreTelephony.framework in Frameworks */,
				4C47370F1CED09530042E8D1 /* SystemConfiguration.framework in Frameworks */,
				4C47370D1CED09400042E8D1 /* AudioToolbox.framework in Frameworks */,
				248236745C2E43560B082FDD /* Pods_SocialAppTemplate.framework in Frameworks */,
			);
			runOnlyForDeploymentPostprocessing = 0;
		};
/* End PBXFrameworksBuildPhase section */

/* Begin PBXGroup section */
		476E8469AF4F257D6AF2383B /* Frameworks */ = {
			isa = PBXGroup;
			children = (
				4C4737161CED09A00042E8D1 /* libstdc++.tbd */,
				4C4737141CED098F0042E8D1 /* libsqlite3.tbd */,
				4C4737121CED097B0042E8D1 /* libz.tbd */,
				4C4737101CED09700042E8D1 /* CoreTelephony.framework */,
				4C47370E1CED09530042E8D1 /* SystemConfiguration.framework */,
				4C47370C1CED09400042E8D1 /* AudioToolbox.framework */,
				BFDD212803C1B9812E8FBC6A /* Pods_SocialAppTemplate.framework */,
			);
			name = Frameworks;
			sourceTree = "<group>";
		};
		4C4737191CED0DCB0042E8D1 /* Products */ = {
			isa = PBXGroup;
			children = (
				4C47371E1CED0DCB0042E8D1 /* SIMChat.framework */,
				4C4737201CED0DCB0042E8D1 /* SIMChatTests.xctest */,
			);
			name = Products;
			sourceTree = "<group>";
		};
		4C47372A1CED0F9A0042E8D1 /* Resources */ = {
			isa = PBXGroup;
			children = (
				4C4737221CED0F9A0042E8D1 /* photo_picker_icon_phone@2x.png */,
				4C4737231CED0F9A0042E8D1 /* photo_picker_icon_video@2x.png */,
				4C4737241CED0F9A0042E8D1 /* photo_picker_mark_deselect@2x.png */,
				4C4737251CED0F9A0042E8D1 /* photo_picker_mark_deselect_sm@2x.png */,
				4C4737261CED0F9A0042E8D1 /* photo_picker_mark_null@2x.png */,
				4C4737271CED0F9A0042E8D1 /* photo_picker_mark_null_sm@2x.png */,
				4C4737281CED0F9A0042E8D1 /* photo_picker_mark_select@2x.png */,
				4C4737291CED0F9A0042E8D1 /* photo_picker_mark_select_sm@2x.png */,
			);
			name = Resources;
			path = "../swift-chat/SIMChat/Photo/Resources";
			sourceTree = "<group>";
		};
		4CA43BC11CECF4A700C59369 = {
			isa = PBXGroup;
			children = (
				4CA43BCC1CECF4A800C59369 /* SocialAppTemplate */,
				4CA43BCB1CECF4A700C59369 /* Products */,
				65F5A12904D0AB6505C0DE48 /* Pods */,
				476E8469AF4F257D6AF2383B /* Frameworks */,
			);
			sourceTree = "<group>";
		};
		4CA43BCB1CECF4A700C59369 /* Products */ = {
			isa = PBXGroup;
			children = (
				4CA43BCA1CECF4A700C59369 /* SocialAppTemplate.app */,
			);
			name = Products;
			sourceTree = "<group>";
		};
		4CA43BCC1CECF4A800C59369 /* SocialAppTemplate */ = {
			isa = PBXGroup;
			children = (
				4CA43BE11CECF81900C59369 /* Chat */,
				4CA43BCD1CECF4A800C59369 /* AppDelegate.swift */,
				4CA43BDF1CECF64800C59369 /* RootViewController.swift */,
				4CA43BD11CECF4A800C59369 /* Main.storyboard */,
				4CA43BD41CECF4A800C59369 /* Assets.xcassets */,
				4CA43F201CECFB9D00C59369 /* SIMChat.xcassets */,
				4C4737331CED0FF70042E8D1 /* m1.m4a */,
				4C4737341CED0FF70042E8D1 /* t1_t.jpg */,
				4C4737351CED0FF70042E8D1 /* t1.jpg */,
				4C4737361CED0FF70042E8D1 /* t2_t.jpg */,
				4C4737371CED0FF70042E8D1 /* t2.jpg */,
				4CA43BD61CECF4A800C59369 /* LaunchScreen.storyboard */,
				4CA43BD91CECF4A800C59369 /* Info.plist */,
				4C47372A1CED0F9A0042E8D1 /* Resources */,
			);
			path = SocialAppTemplate;
			sourceTree = "<group>";
		};
		4CA43BE11CECF81900C59369 /* Chat */ = {
			isa = PBXGroup;
			children = (
				4C4737181CED0DCB0042E8D1 /* SIMChat.xcodeproj */,
				4CA43BE21CECF89500C59369 /* ChatViewController.swift */,
				4C7D90371CEE48460096DDE6 /* ChatManager.swift */,
				4C7D90391CEE48D60096DDE6 /* ChatConversation.swift */,
				4C7D903B1CEE49B80096DDE6 /* ChatUser.swift */,
			);
			name = Chat;
			sourceTree = "<group>";
		};
		65F5A12904D0AB6505C0DE48 /* Pods */ = {
			isa = PBXGroup;
			children = (
				AF715EFFCD6C4FDDB4FA8759 /* Pods-SocialAppTemplate.debug.xcconfig */,
				67300B7FC86BA979317C8A3D /* Pods-SocialAppTemplate.release.xcconfig */,
			);
			name = Pods;
			sourceTree = "<group>";
		};
/* End PBXGroup section */

/* Begin PBXNativeTarget section */
		4CA43BC91CECF4A700C59369 /* SocialAppTemplate */ = {
			isa = PBXNativeTarget;
			buildConfigurationList = 4CA43BDC1CECF4A800C59369 /* Build configuration list for PBXNativeTarget "SocialAppTemplate" */;
			buildPhases = (
				FB324790F6335070305213B6 /* Check Pods Manifest.lock */,
				4CA43BC61CECF4A700C59369 /* Sources */,
				4CA43BC71CECF4A700C59369 /* Frameworks */,
				4CA43BC81CECF4A700C59369 /* Resources */,
				E74C9DEA1CF2253AC63CE696 /* Embed Pods Frameworks */,
				5F02266080FDA8FD0B19F172 /* Copy Pods Resources */,
				4C47373F1CED127C0042E8D1 /* Embed Frameworks */,
			);
			buildRules = (
			);
			dependencies = (
				4C47373E1CED11670042E8D1 /* PBXTargetDependency */,
			);
			name = SocialAppTemplate;
			productName = SocialAppTemplate;
			productReference = 4CA43BCA1CECF4A700C59369 /* SocialAppTemplate.app */;
			productType = "com.apple.product-type.application";
		};
/* End PBXNativeTarget section */

/* Begin PBXProject section */
		4CA43BC21CECF4A700C59369 /* Project object */ = {
			isa = PBXProject;
			attributes = {
				LastSwiftUpdateCheck = 0730;
				LastUpgradeCheck = 0730;
				ORGANIZATIONNAME = "Barry Ma";
				TargetAttributes = {
					4CA43BC91CECF4A700C59369 = {
						CreatedOnToolsVersion = 7.3.1;
						DevelopmentTeam = T32PGZT7A6;
					};
				};
			};
			buildConfigurationList = 4CA43BC51CECF4A700C59369 /* Build configuration list for PBXProject "SocialAppTemplate" */;
			compatibilityVersion = "Xcode 3.2";
			developmentRegion = English;
			hasScannedForEncodings = 0;
			knownRegions = (
				en,
				Base,
			);
			mainGroup = 4CA43BC11CECF4A700C59369;
			productRefGroup = 4CA43BCB1CECF4A700C59369 /* Products */;
			projectDirPath = "";
			projectReferences = (
				{
					ProductGroup = 4C4737191CED0DCB0042E8D1 /* Products */;
					ProjectRef = 4C4737181CED0DCB0042E8D1 /* SIMChat.xcodeproj */;
				},
			);
			projectRoot = "";
			targets = (
				4CA43BC91CECF4A700C59369 /* SocialAppTemplate */,
			);
		};
/* End PBXProject section */

/* Begin PBXReferenceProxy section */
		4C47371E1CED0DCB0042E8D1 /* SIMChat.framework */ = {
			isa = PBXReferenceProxy;
			fileType = wrapper.framework;
			path = SIMChat.framework;
			remoteRef = 4C47371D1CED0DCB0042E8D1 /* PBXContainerItemProxy */;
			sourceTree = BUILT_PRODUCTS_DIR;
		};
		4C4737201CED0DCB0042E8D1 /* SIMChatTests.xctest */ = {
			isa = PBXReferenceProxy;
			fileType = wrapper.cfbundle;
			path = SIMChatTests.xctest;
			remoteRef = 4C47371F1CED0DCB0042E8D1 /* PBXContainerItemProxy */;
			sourceTree = BUILT_PRODUCTS_DIR;
		};
/* End PBXReferenceProxy section */

/* Begin PBXResourcesBuildPhase section */
		4CA43BC81CECF4A700C59369 /* Resources */ = {
			isa = PBXResourcesBuildPhase;
			buildActionMask = 2147483647;
			files = (
				4C47373B1CED0FF70042E8D1 /* t2_t.jpg in Resources */,
				4C4737381CED0FF70042E8D1 /* m1.m4a in Resources */,
				4C47372C1CED0F9A0042E8D1 /* photo_picker_icon_video@2x.png in Resources */,
				4C47372E1CED0F9A0042E8D1 /* photo_picker_mark_deselect_sm@2x.png in Resources */,
				4C4737321CED0F9A0042E8D1 /* photo_picker_mark_select_sm@2x.png in Resources */,
				4C4737301CED0F9A0042E8D1 /* photo_picker_mark_null_sm@2x.png in Resources */,
				4CA43BD81CECF4A800C59369 /* LaunchScreen.storyboard in Resources */,
				4C47372D1CED0F9A0042E8D1 /* photo_picker_mark_deselect@2x.png in Resources */,
				4CA43BD51CECF4A800C59369 /* Assets.xcassets in Resources */,
				4C47372B1CED0F9A0042E8D1 /* photo_picker_icon_phone@2x.png in Resources */,
				4C4737391CED0FF70042E8D1 /* t1_t.jpg in Resources */,
				4C47373A1CED0FF70042E8D1 /* t1.jpg in Resources */,
				4C47372F1CED0F9A0042E8D1 /* photo_picker_mark_null@2x.png in Resources */,
				4C47373C1CED0FF70042E8D1 /* t2.jpg in Resources */,
				4CA43BD31CECF4A800C59369 /* Main.storyboard in Resources */,
				4CA43F211CECFB9D00C59369 /* SIMChat.xcassets in Resources */,
				4C4737311CED0F9A0042E8D1 /* photo_picker_mark_select@2x.png in Resources */,
			);
			runOnlyForDeploymentPostprocessing = 0;
		};
/* End PBXResourcesBuildPhase section */

/* Begin PBXShellScriptBuildPhase section */
		5F02266080FDA8FD0B19F172 /* Copy Pods Resources */ = {
			isa = PBXShellScriptBuildPhase;
			buildActionMask = 2147483647;
			files = (
			);
			inputPaths = (
			);
			name = "Copy Pods Resources";
			outputPaths = (
			);
			runOnlyForDeploymentPostprocessing = 0;
			shellPath = /bin/sh;
			shellScript = "\"${SRCROOT}/Pods/Target Support Files/Pods-SocialAppTemplate/Pods-SocialAppTemplate-resources.sh\"\n";
			showEnvVarsInLog = 0;
		};
		E74C9DEA1CF2253AC63CE696 /* Embed Pods Frameworks */ = {
			isa = PBXShellScriptBuildPhase;
			buildActionMask = 2147483647;
			files = (
			);
			inputPaths = (
			);
			name = "Embed Pods Frameworks";
			outputPaths = (
			);
			runOnlyForDeploymentPostprocessing = 0;
			shellPath = /bin/sh;
			shellScript = "\"${SRCROOT}/Pods/Target Support Files/Pods-SocialAppTemplate/Pods-SocialAppTemplate-frameworks.sh\"\n";
			showEnvVarsInLog = 0;
		};
		FB324790F6335070305213B6 /* Check Pods Manifest.lock */ = {
			isa = PBXShellScriptBuildPhase;
			buildActionMask = 2147483647;
			files = (
			);
			inputPaths = (
			);
			name = "Check Pods Manifest.lock";
			outputPaths = (
			);
			runOnlyForDeploymentPostprocessing = 0;
			shellPath = /bin/sh;
			shellScript = "diff \"${PODS_ROOT}/../Podfile.lock\" \"${PODS_ROOT}/Manifest.lock\" > /dev/null\nif [[ $? != 0 ]] ; then\n    cat << EOM\nerror: The sandbox is not in sync with the Podfile.lock. Run 'pod install' or update your CocoaPods installation.\nEOM\n    exit 1\nfi\n";
			showEnvVarsInLog = 0;
		};
/* End PBXShellScriptBuildPhase section */

/* Begin PBXSourcesBuildPhase section */
		4CA43BC61CECF4A700C59369 /* Sources */ = {
			isa = PBXSourcesBuildPhase;
			buildActionMask = 2147483647;
			files = (
				4C7D903C1CEE49B80096DDE6 /* ChatUser.swift in Sources */,
				4CA43BE01CECF64800C59369 /* RootViewController.swift in Sources */,
				4CA43BE31CECF89500C59369 /* ChatViewController.swift in Sources */,
				4CA43BCE1CECF4A800C59369 /* AppDelegate.swift in Sources */,
				4C7D90381CEE48460096DDE6 /* ChatManager.swift in Sources */,
				4C7D903A1CEE48D60096DDE6 /* ChatConversation.swift in Sources */,
			);
			runOnlyForDeploymentPostprocessing = 0;
		};
/* End PBXSourcesBuildPhase section */

/* Begin PBXTargetDependency section */
		4C47373E1CED11670042E8D1 /* PBXTargetDependency */ = {
			isa = PBXTargetDependency;
			name = SIMChat;
			targetProxy = 4C47373D1CED11670042E8D1 /* PBXContainerItemProxy */;
		};
/* End PBXTargetDependency section */

/* Begin PBXVariantGroup section */
		4CA43BD11CECF4A800C59369 /* Main.storyboard */ = {
			isa = PBXVariantGroup;
			children = (
				4CA43BD21CECF4A800C59369 /* Base */,
			);
			name = Main.storyboard;
			sourceTree = "<group>";
		};
		4CA43BD61CECF4A800C59369 /* LaunchScreen.storyboard */ = {
			isa = PBXVariantGroup;
			children = (
				4CA43BD71CECF4A800C59369 /* Base */,
			);
			name = LaunchScreen.storyboard;
			sourceTree = "<group>";
		};
/* End PBXVariantGroup section */

/* Begin XCBuildConfiguration section */
		4CA43BDA1CECF4A800C59369 /* Debug */ = {
			isa = XCBuildConfiguration;
			buildSettings = {
				ALWAYS_SEARCH_USER_PATHS = NO;
				CLANG_ANALYZER_NONNULL = YES;
				CLANG_CXX_LANGUAGE_STANDARD = "gnu++0x";
				CLANG_CXX_LIBRARY = "libc++";
				CLANG_ENABLE_MODULES = YES;
				CLANG_ENABLE_OBJC_ARC = YES;
				CLANG_WARN_BOOL_CONVERSION = YES;
				CLANG_WARN_CONSTANT_CONVERSION = YES;
				CLANG_WARN_DIRECT_OBJC_ISA_USAGE = YES_ERROR;
				CLANG_WARN_EMPTY_BODY = YES;
				CLANG_WARN_ENUM_CONVERSION = YES;
				CLANG_WARN_INT_CONVERSION = YES;
				CLANG_WARN_OBJC_ROOT_CLASS = YES_ERROR;
				CLANG_WARN_UNREACHABLE_CODE = YES;
				CLANG_WARN__DUPLICATE_METHOD_MATCH = YES;
				"CODE_SIGN_IDENTITY[sdk=iphoneos*]" = "iPhone Developer";
				COPY_PHASE_STRIP = NO;
				DEBUG_INFORMATION_FORMAT = dwarf;
				ENABLE_STRICT_OBJC_MSGSEND = YES;
				ENABLE_TESTABILITY = YES;
				GCC_C_LANGUAGE_STANDARD = gnu99;
				GCC_DYNAMIC_NO_PIC = NO;
				GCC_NO_COMMON_BLOCKS = YES;
				GCC_OPTIMIZATION_LEVEL = 0;
				GCC_PREPROCESSOR_DEFINITIONS = (
					"DEBUG=1",
					"$(inherited)",
				);
				GCC_WARN_64_TO_32_BIT_CONVERSION = YES;
				GCC_WARN_ABOUT_RETURN_TYPE = YES_ERROR;
				GCC_WARN_UNDECLARED_SELECTOR = YES;
				GCC_WARN_UNINITIALIZED_AUTOS = YES_AGGRESSIVE;
				GCC_WARN_UNUSED_FUNCTION = YES;
				GCC_WARN_UNUSED_VARIABLE = YES;
				IPHONEOS_DEPLOYMENT_TARGET = 9.3;
				MTL_ENABLE_DEBUG_INFO = YES;
				ONLY_ACTIVE_ARCH = YES;
				SDKROOT = iphoneos;
				SWIFT_OPTIMIZATION_LEVEL = "-Onone";
				TARGETED_DEVICE_FAMILY = "1,2";
			};
			name = Debug;
		};
		4CA43BDB1CECF4A800C59369 /* Release */ = {
			isa = XCBuildConfiguration;
			buildSettings = {
				ALWAYS_SEARCH_USER_PATHS = NO;
				CLANG_ANALYZER_NONNULL = YES;
				CLANG_CXX_LANGUAGE_STANDARD = "gnu++0x";
				CLANG_CXX_LIBRARY = "libc++";
				CLANG_ENABLE_MODULES = YES;
				CLANG_ENABLE_OBJC_ARC = YES;
				CLANG_WARN_BOOL_CONVERSION = YES;
				CLANG_WARN_CONSTANT_CONVERSION = YES;
				CLANG_WARN_DIRECT_OBJC_ISA_USAGE = YES_ERROR;
				CLANG_WARN_EMPTY_BODY = YES;
				CLANG_WARN_ENUM_CONVERSION = YES;
				CLANG_WARN_INT_CONVERSION = YES;
				CLANG_WARN_OBJC_ROOT_CLASS = YES_ERROR;
				CLANG_WARN_UNREACHABLE_CODE = YES;
				CLANG_WARN__DUPLICATE_METHOD_MATCH = YES;
				"CODE_SIGN_IDENTITY[sdk=iphoneos*]" = "iPhone Developer";
				COPY_PHASE_STRIP = NO;
				DEBUG_INFORMATION_FORMAT = "dwarf-with-dsym";
				ENABLE_NS_ASSERTIONS = NO;
				ENABLE_STRICT_OBJC_MSGSEND = YES;
				GCC_C_LANGUAGE_STANDARD = gnu99;
				GCC_NO_COMMON_BLOCKS = YES;
				GCC_WARN_64_TO_32_BIT_CONVERSION = YES;
				GCC_WARN_ABOUT_RETURN_TYPE = YES_ERROR;
				GCC_WARN_UNDECLARED_SELECTOR = YES;
				GCC_WARN_UNINITIALIZED_AUTOS = YES_AGGRESSIVE;
				GCC_WARN_UNUSED_FUNCTION = YES;
				GCC_WARN_UNUSED_VARIABLE = YES;
				IPHONEOS_DEPLOYMENT_TARGET = 9.3;
				MTL_ENABLE_DEBUG_INFO = NO;
				SDKROOT = iphoneos;
				TARGETED_DEVICE_FAMILY = "1,2";
				VALIDATE_PRODUCT = YES;
			};
			name = Release;
		};
		4CA43BDD1CECF4A800C59369 /* Debug */ = {
			isa = XCBuildConfiguration;
			baseConfigurationReference = AF715EFFCD6C4FDDB4FA8759 /* Pods-SocialAppTemplate.debug.xcconfig */;
			buildSettings = {
				ASSETCATALOG_COMPILER_APPICON_NAME = AppIcon;
				INFOPLIST_FILE = SocialAppTemplate/Info.plist;
				LD_RUNPATH_SEARCH_PATHS = "$(inherited) @executable_path/Frameworks";
				PRODUCT_BUNDLE_IDENTIFIER = com.BarryMa.SocialAppTemplate;
				PRODUCT_NAME = "$(TARGET_NAME)";
			};
			name = Debug;
		};
		4CA43BDE1CECF4A800C59369 /* Release */ = {
			isa = XCBuildConfiguration;
			baseConfigurationReference = 67300B7FC86BA979317C8A3D /* Pods-SocialAppTemplate.release.xcconfig */;
			buildSettings = {
				ASSETCATALOG_COMPILER_APPICON_NAME = AppIcon;
				INFOPLIST_FILE = SocialAppTemplate/Info.plist;
				LD_RUNPATH_SEARCH_PATHS = "$(inherited) @executable_path/Frameworks";
				PRODUCT_BUNDLE_IDENTIFIER = com.BarryMa.SocialAppTemplate;
				PRODUCT_NAME = "$(TARGET_NAME)";
			};
			name = Release;
		};
/* End XCBuildConfiguration section */

/* Begin XCConfigurationList section */
		4CA43BC51CECF4A700C59369 /* Build configuration list for PBXProject "SocialAppTemplate" */ = {
			isa = XCConfigurationList;
			buildConfigurations = (
				4CA43BDA1CECF4A800C59369 /* Debug */,
				4CA43BDB1CECF4A800C59369 /* Release */,
			);
			defaultConfigurationIsVisible = 0;
			defaultConfigurationName = Release;
		};
		4CA43BDC1CECF4A800C59369 /* Build configuration list for PBXNativeTarget "SocialAppTemplate" */ = {
			isa = XCConfigurationList;
			buildConfigurations = (
				4CA43BDD1CECF4A800C59369 /* Debug */,
				4CA43BDE1CECF4A800C59369 /* Release */,
			);
			defaultConfigurationIsVisible = 0;
			defaultConfigurationName = Release;
		};
/* End XCConfigurationList section */
	};
	rootObject = 4CA43BC21CECF4A700C59369 /* Project object */;
}
